
Microsoft Visual Studio Solution File, Format Version 12.00
# Visual Studio Version 17
VisualStudioVersion = 17.9.34728.123
MinimumVisualStudioVersion = 10.0.40219.1
Project("{FAE04EC0-301F-11D3-BF4B-00C04F79EFBC}") = "CRM", "CRM.csproj", "{24084281-17B5-490F-AEC2-A6438A5107CE}"
EndProject
Global
	GlobalSection(SolutionConfigurationPlatforms) = preSolution
		Debug|Any CPU = Debug|Any CPU
		Release|Any CPU = Release|Any CPU
	EndGlobalSection
	GlobalSection(ProjectConfigurationPlatforms) = postSolution
		{24084281-17B5-490F-AEC2-A6438A5107CE}.Debug|Any CPU.ActiveCfg = Debug|Any CPU
		{24084281-17B5-490F-AEC2-A6438A5107CE}.Debug|Any CPU.Build.0 = Debug|Any CPU
		{24084281-17B5-490F-AEC2-A6438A5107CE}.Release|Any CPU.ActiveCfg = Release|Any CPU
		{24084281-17B5-490F-AEC2-A6438A5107CE}.Release|Any CPU.Build.0 = Release|Any CPU
	EndGlobalSection
	GlobalSection(SolutionProperties) = preSolution
		HideSolutionNode = FALSE
	EndGlobalSection
	GlobalSection(ExtensibilityGlobals) = postSolution
		SolutionGuid = {86EC3DD3-FBE8-4508-9704-EB4C9AFD95D4}
	EndGlobalSection
EndGlobal
